
Microsoft Visual Studio Solution File, Format Version 12.00
# Visual Studio 14
VisualStudioVersion = 14.0.25420.1
MinimumVisualStudioVersion = 10.0.40219.1
Project("{FAE04EC0-301F-11D3-BF4B-00C04F79EFBC}") = "ConsoleApplication1", "ConsoleApplication1\ConsoleApplication1.csproj", "{53D1474D-1AE9-41BB-83D6-28BF4D2F8E08}"
EndProject
Project("{FAE04EC0-301F-11D3-BF4B-00C04F79EFBC}") = "Vicy.EF5.DataAccess", "Vicy.EF5.DataAccess\Vicy.EF5.DataAccess.csproj", "{A410FBFA-62CC-45D5-AED9-EE8AA527249E}"
EndProject
Global
	GlobalSection(SolutionConfigurationPlatforms) = preSolution
		Debug|Any CPU = Debug|Any CPU
		Release|Any CPU = Release|Any CPU
	EndGlobalSection
	GlobalSection(ProjectConfigurationPlatforms) = postSolution
		{53D1474D-1AE9-41BB-83D6-28BF4D2F8E08}.Debug|Any CPU.ActiveCfg = Debug|Any CPU
		{53D1474D-1AE9-41BB-83D6-28BF4D2F8E08}.Debug|Any CPU.Build.0 = Debug|Any CPU
		{53D1474D-1AE9-41BB-83D6-28BF4D2F8E08}.Release|Any CPU.ActiveCfg = Release|Any CPU
		{53D1474D-1AE9-41BB-83D6-28BF4D2F8E08}.Release|Any CPU.Build.0 = Release|Any CPU
		{A410FBFA-62CC-45D5-AED9-EE8AA527249E}.Debug|Any CPU.ActiveCfg = Debug|Any CPU
		{A410FBFA-62CC-45D5-AED9-EE8AA527249E}.Debug|Any CPU.Build.0 = Debug|Any CPU
		{A410FBFA-62CC-45D5-AED9-EE8AA527249E}.Release|Any CPU.ActiveCfg = Release|Any CPU
		{A410FBFA-62CC-45D5-AED9-EE8AA527249E}.Release|Any CPU.Build.0 = Release|Any CPU
	EndGlobalSection
	GlobalSection(SolutionProperties) = preSolution
		HideSolutionNode = FALSE
	EndGlobalSection
EndGlobal
